// !$*UTF8*$!
{
	archiveVersion = 1;
	classes = {
	};
	objectVersion = 55;
	objects = {

/* Begin PBXBuildFile section */
		FA28FA9D289BEC8B009B528F /* API.swift in Sources */ = {isa = PBXBuildFile; fileRef = FA28FA9C289BEC8B009B528F /* API.swift */; };
		FA28FA9F289BECAA009B528F /* NetworkManager.swift in Sources */ = {isa = PBXBuildFile; fileRef = FA28FA9E289BECAA009B528F /* NetworkManager.swift */; };
		FA28FAA2289BECC8009B528F /* OfficeResponse.swift in Sources */ = {isa = PBXBuildFile; fileRef = FA28FAA1289BECC8009B528F /* OfficeResponse.swift */; };
		FA28FAAA289BEDA9009B528F /* Offices.storyboard in Resources */ = {isa = PBXBuildFile; fileRef = FA28FAA3289BEDA9009B528F /* Offices.storyboard */; };
		FA28FAAB289BEDA9009B528F /* OfficesViewController.swift in Sources */ = {isa = PBXBuildFile; fileRef = FA28FAA4289BEDA9009B528F /* OfficesViewController.swift */; };
		FA28FAAC289BEDA9009B528F /* OfficesPresenter.swift in Sources */ = {isa = PBXBuildFile; fileRef = FA28FAA5289BEDA9009B528F /* OfficesPresenter.swift */; };
		FA28FAAD289BEDA9009B528F /* OfficesInteractor.swift in Sources */ = {isa = PBXBuildFile; fileRef = FA28FAA6289BEDA9009B528F /* OfficesInteractor.swift */; };
		FA28FAAE289BEDA9009B528F /* OfficesModels.swift in Sources */ = {isa = PBXBuildFile; fileRef = FA28FAA7289BEDA9009B528F /* OfficesModels.swift */; };
		FA28FAAF289BEDA9009B528F /* OfficesWorker.swift in Sources */ = {isa = PBXBuildFile; fileRef = FA28FAA8289BEDA9009B528F /* OfficesWorker.swift */; };
		FA28FAB0289BEDA9009B528F /* OfficesRouter.swift in Sources */ = {isa = PBXBuildFile; fileRef = FA28FAA9289BEDA9009B528F /* OfficesRouter.swift */; };
		FA62C73D289E724B00794892 /* OfficeListCell.swift in Sources */ = {isa = PBXBuildFile; fileRef = FA62C73B289E724B00794892 /* OfficeListCell.swift */; };
		FA62C73E289E724B00794892 /* OfficeListCell.xib in Resources */ = {isa = PBXBuildFile; fileRef = FA62C73C289E724B00794892 /* OfficeListCell.xib */; };
		FA62C741289E737800794892 /* SDWebImage in Frameworks */ = {isa = PBXBuildFile; productRef = FA62C740289E737800794892 /* SDWebImage */; };
		FA62C743289E737800794892 /* SDWebImageMapKit in Frameworks */ = {isa = PBXBuildFile; productRef = FA62C742289E737800794892 /* SDWebImageMapKit */; };
		FA62C74C289E948600794892 /* OfficeDetail.storyboard in Resources */ = {isa = PBXBuildFile; fileRef = FA62C745289E948600794892 /* OfficeDetail.storyboard */; };
		FA62C74D289E948600794892 /* OfficeDetailViewController.swift in Sources */ = {isa = PBXBuildFile; fileRef = FA62C746289E948600794892 /* OfficeDetailViewController.swift */; };
		FA62C74E289E948600794892 /* OfficeDetailPresenter.swift in Sources */ = {isa = PBXBuildFile; fileRef = FA62C747289E948600794892 /* OfficeDetailPresenter.swift */; };
		FA62C74F289E948600794892 /* OfficeDetailInteractor.swift in Sources */ = {isa = PBXBuildFile; fileRef = FA62C748289E948600794892 /* OfficeDetailInteractor.swift */; };
		FA62C750289E948600794892 /* OfficeDetailModels.swift in Sources */ = {isa = PBXBuildFile; fileRef = FA62C749289E948600794892 /* OfficeDetailModels.swift */; };
		FA62C751289E948600794892 /* OfficeDetailWorker.swift in Sources */ = {isa = PBXBuildFile; fileRef = FA62C74A289E948600794892 /* OfficeDetailWorker.swift */; };
		FA62C752289E948600794892 /* OfficeDetailRouter.swift in Sources */ = {isa = PBXBuildFile; fileRef = FA62C74B289E948600794892 /* OfficeDetailRouter.swift */; };
		FA96B55F2872FABA0025B979 /* AppDelegate.swift in Sources */ = {isa = PBXBuildFile; fileRef = FA96B55E2872FABA0025B979 /* AppDelegate.swift */; };
		FA96B5612872FABA0025B979 /* SceneDelegate.swift in Sources */ = {isa = PBXBuildFile; fileRef = FA96B5602872FABA0025B979 /* SceneDelegate.swift */; };
		FA96B5632872FABA0025B979 /* LoginViewController.swift in Sources */ = {isa = PBXBuildFile; fileRef = FA96B5622872FABA0025B979 /* LoginViewController.swift */; };
		FA96B5662872FABA0025B979 /* Main.storyboard in Resources */ = {isa = PBXBuildFile; fileRef = FA96B5642872FABA0025B979 /* Main.storyboard */; };
		FA96B5682872FABB0025B979 /* Assets.xcassets in Resources */ = {isa = PBXBuildFile; fileRef = FA96B5672872FABB0025B979 /* Assets.xcassets */; };
		FA96B56B2872FABB0025B979 /* LaunchScreen.storyboard in Resources */ = {isa = PBXBuildFile; fileRef = FA96B5692872FABB0025B979 /* LaunchScreen.storyboard */; };
		FA96B5762872FABC0025B979 /* FindMyOfficeTests.swift in Sources */ = {isa = PBXBuildFile; fileRef = FA96B5752872FABC0025B979 /* FindMyOfficeTests.swift */; };
		FA96B5802872FABC0025B979 /* FindMyOfficeUITests.swift in Sources */ = {isa = PBXBuildFile; fileRef = FA96B57F2872FABC0025B979 /* FindMyOfficeUITests.swift */; };
		FA96B5822872FABC0025B979 /* FindMyOfficeUITestsLaunchTests.swift in Sources */ = {isa = PBXBuildFile; fileRef = FA96B5812872FABC0025B979 /* FindMyOfficeUITestsLaunchTests.swift */; };
		FAC2F1BF28AA22CC00C18D64 /* FindMyOffice.xcdatamodeld in Sources */ = {isa = PBXBuildFile; fileRef = FAC2F1BD28AA22CC00C18D64 /* FindMyOffice.xcdatamodeld */; };
		FAC2F1D628AA94EB00C18D64 /* Favorites.storyboard in Resources */ = {isa = PBXBuildFile; fileRef = FAC2F1CF28AA94EB00C18D64 /* Favorites.storyboard */; };
		FAC2F1D728AA94EB00C18D64 /* FavoritesViewController.swift in Sources */ = {isa = PBXBuildFile; fileRef = FAC2F1D028AA94EB00C18D64 /* FavoritesViewController.swift */; };
		FAC2F1D828AA94EB00C18D64 /* FavoritesPresenter.swift in Sources */ = {isa = PBXBuildFile; fileRef = FAC2F1D128AA94EB00C18D64 /* FavoritesPresenter.swift */; };
		FAC2F1D928AA94EB00C18D64 /* FavoritesInteractor.swift in Sources */ = {isa = PBXBuildFile; fileRef = FAC2F1D228AA94EB00C18D64 /* FavoritesInteractor.swift */; };
		FAC2F1DA28AA94EB00C18D64 /* FavoritesModels.swift in Sources */ = {isa = PBXBuildFile; fileRef = FAC2F1D328AA94EB00C18D64 /* FavoritesModels.swift */; };
		FAC2F1DB28AA94EB00C18D64 /* FavoritesWorker.swift in Sources */ = {isa = PBXBuildFile; fileRef = FAC2F1D428AA94EB00C18D64 /* FavoritesWorker.swift */; };
		FAC2F1DC28AA94EB00C18D64 /* FavoritesRouter.swift in Sources */ = {isa = PBXBuildFile; fileRef = FAC2F1D528AA94EB00C18D64 /* FavoritesRouter.swift */; };
		FAC2F1EA28AF7DF200C18D64 /* Website.storyboard in Resources */ = {isa = PBXBuildFile; fileRef = FAC2F1E328AF7DF200C18D64 /* Website.storyboard */; };
		FAC2F1EB28AF7DF200C18D64 /* WebsiteViewController.swift in Sources */ = {isa = PBXBuildFile; fileRef = FAC2F1E428AF7DF200C18D64 /* WebsiteViewController.swift */; };
		FAC2F1EC28AF7DF200C18D64 /* WebsitePresenter.swift in Sources */ = {isa = PBXBuildFile; fileRef = FAC2F1E528AF7DF200C18D64 /* WebsitePresenter.swift */; };
		FAC2F1ED28AF7DF200C18D64 /* WebsiteInteractor.swift in Sources */ = {isa = PBXBuildFile; fileRef = FAC2F1E628AF7DF200C18D64 /* WebsiteInteractor.swift */; };
		FAC2F1EE28AF7DF200C18D64 /* WebsiteModels.swift in Sources */ = {isa = PBXBuildFile; fileRef = FAC2F1E728AF7DF200C18D64 /* WebsiteModels.swift */; };
		FAC2F1EF28AF7DF200C18D64 /* WebsiteWorker.swift in Sources */ = {isa = PBXBuildFile; fileRef = FAC2F1E828AF7DF200C18D64 /* WebsiteWorker.swift */; };
		FAC2F1F028AF7DF200C18D64 /* WebsiteRouter.swift in Sources */ = {isa = PBXBuildFile; fileRef = FAC2F1E928AF7DF200C18D64 /* WebsiteRouter.swift */; };
		FAC34B6B28A44EE8004BBE64 /* fullScreenCell.swift in Sources */ = {isa = PBXBuildFile; fileRef = FAC34B6928A44EE8004BBE64 /* fullScreenCell.swift */; };
		FAC34B6C28A44EE8004BBE64 /* fullScreenCell.xib in Resources */ = {isa = PBXBuildFile; fileRef = FAC34B6A28A44EE8004BBE64 /* fullScreenCell.xib */; };
		FAD17F58289ECC42006FDD6F /* OfficeImagesCell.swift in Sources */ = {isa = PBXBuildFile; fileRef = FAD17F56289ECC42006FDD6F /* OfficeImagesCell.swift */; };
		FAD17F59289ECC42006FDD6F /* OfficeImagesCell.xib in Resources */ = {isa = PBXBuildFile; fileRef = FAD17F57289ECC42006FDD6F /* OfficeImagesCell.xib */; };
		FAE0C19028A1156B00E93887 /* FullScreen.storyboard in Resources */ = {isa = PBXBuildFile; fileRef = FAE0C18928A1156A00E93887 /* FullScreen.storyboard */; };
		FAE0C19128A1156B00E93887 /* FullScreenViewController.swift in Sources */ = {isa = PBXBuildFile; fileRef = FAE0C18A28A1156A00E93887 /* FullScreenViewController.swift */; };
		FAE0C19228A1156B00E93887 /* FullScreenPresenter.swift in Sources */ = {isa = PBXBuildFile; fileRef = FAE0C18B28A1156A00E93887 /* FullScreenPresenter.swift */; };
		FAE0C19328A1156B00E93887 /* FullScreenInteractor.swift in Sources */ = {isa = PBXBuildFile; fileRef = FAE0C18C28A1156A00E93887 /* FullScreenInteractor.swift */; };
		FAE0C19428A1156B00E93887 /* FullScreenModels.swift in Sources */ = {isa = PBXBuildFile; fileRef = FAE0C18D28A1156A00E93887 /* FullScreenModels.swift */; };
		FAE0C19528A1156B00E93887 /* FullScreenWorker.swift in Sources */ = {isa = PBXBuildFile; fileRef = FAE0C18E28A1156A00E93887 /* FullScreenWorker.swift */; };
		FAE0C19628A1156B00E93887 /* FullScreenRouter.swift in Sources */ = {isa = PBXBuildFile; fileRef = FAE0C18F28A1156A00E93887 /* FullScreenRouter.swift */; };
		FAEEE61D2890912000AA4E4F /* RegisterViewController.swift in Sources */ = {isa = PBXBuildFile; fileRef = FAEEE61C2890912000AA4E4F /* RegisterViewController.swift */; };
/* End PBXBuildFile section */

/* Begin PBXContainerItemProxy section */
		FA96B5722872FABC0025B979 /* PBXContainerItemProxy */ = {
			isa = PBXContainerItemProxy;
			containerPortal = FA96B5532872FAB90025B979 /* Project object */;
			proxyType = 1;
			remoteGlobalIDString = FA96B55A2872FAB90025B979;
			remoteInfo = FindMyOffice;
		};
		FA96B57C2872FABC0025B979 /* PBXContainerItemProxy */ = {
			isa = PBXContainerItemProxy;
			containerPortal = FA96B5532872FAB90025B979 /* Project object */;
			proxyType = 1;
			remoteGlobalIDString = FA96B55A2872FAB90025B979;
			remoteInfo = FindMyOffice;
		};
/* End PBXContainerItemProxy section */

/* Begin PBXFileReference section */
		FA28FA9C289BEC8B009B528F /* API.swift */ = {isa = PBXFileReference; lastKnownFileType = sourcecode.swift; path = API.swift; sourceTree = "<group>"; };
		FA28FA9E289BECAA009B528F /* NetworkManager.swift */ = {isa = PBXFileReference; lastKnownFileType = sourcecode.swift; path = NetworkManager.swift; sourceTree = "<group>"; };
		FA28FAA1289BECC8009B528F /* OfficeResponse.swift */ = {isa = PBXFileReference; lastKnownFileType = sourcecode.swift; path = OfficeResponse.swift; sourceTree = "<group>"; };
		FA28FAA3289BEDA9009B528F /* Offices.storyboard */ = {isa = PBXFileReference; lastKnownFileType = file.storyboard; path = Offices.storyboard; sourceTree = "<group>"; };
		FA28FAA4289BEDA9009B528F /* OfficesViewController.swift */ = {isa = PBXFileReference; lastKnownFileType = sourcecode.swift; path = OfficesViewController.swift; sourceTree = "<group>"; };
		FA28FAA5289BEDA9009B528F /* OfficesPresenter.swift */ = {isa = PBXFileReference; lastKnownFileType = sourcecode.swift; path = OfficesPresenter.swift; sourceTree = "<group>"; };
		FA28FAA6289BEDA9009B528F /* OfficesInteractor.swift */ = {isa = PBXFileReference; lastKnownFileType = sourcecode.swift; path = OfficesInteractor.swift; sourceTree = "<group>"; };
		FA28FAA7289BEDA9009B528F /* OfficesModels.swift */ = {isa = PBXFileReference; lastKnownFileType = sourcecode.swift; path = OfficesModels.swift; sourceTree = "<group>"; };
		FA28FAA8289BEDA9009B528F /* OfficesWorker.swift */ = {isa = PBXFileReference; lastKnownFileType = sourcecode.swift; path = OfficesWorker.swift; sourceTree = "<group>"; };
		FA28FAA9289BEDA9009B528F /* OfficesRouter.swift */ = {isa = PBXFileReference; lastKnownFileType = sourcecode.swift; path = OfficesRouter.swift; sourceTree = "<group>"; };
		FA62C73B289E724B00794892 /* OfficeListCell.swift */ = {isa = PBXFileReference; lastKnownFileType = sourcecode.swift; path = OfficeListCell.swift; sourceTree = "<group>"; };
		FA62C73C289E724B00794892 /* OfficeListCell.xib */ = {isa = PBXFileReference; lastKnownFileType = file.xib; path = OfficeListCell.xib; sourceTree = "<group>"; };
		FA62C745289E948600794892 /* OfficeDetail.storyboard */ = {isa = PBXFileReference; lastKnownFileType = file.storyboard; path = OfficeDetail.storyboard; sourceTree = "<group>"; };
		FA62C746289E948600794892 /* OfficeDetailViewController.swift */ = {isa = PBXFileReference; lastKnownFileType = sourcecode.swift; path = OfficeDetailViewController.swift; sourceTree = "<group>"; };
		FA62C747289E948600794892 /* OfficeDetailPresenter.swift */ = {isa = PBXFileReference; lastKnownFileType = sourcecode.swift; path = OfficeDetailPresenter.swift; sourceTree = "<group>"; };
		FA62C748289E948600794892 /* OfficeDetailInteractor.swift */ = {isa = PBXFileReference; lastKnownFileType = sourcecode.swift; path = OfficeDetailInteractor.swift; sourceTree = "<group>"; };
		FA62C749289E948600794892 /* OfficeDetailModels.swift */ = {isa = PBXFileReference; lastKnownFileType = sourcecode.swift; path = OfficeDetailModels.swift; sourceTree = "<group>"; };
		FA62C74A289E948600794892 /* OfficeDetailWorker.swift */ = {isa = PBXFileReference; lastKnownFileType = sourcecode.swift; path = OfficeDetailWorker.swift; sourceTree = "<group>"; };
		FA62C74B289E948600794892 /* OfficeDetailRouter.swift */ = {isa = PBXFileReference; lastKnownFileType = sourcecode.swift; path = OfficeDetailRouter.swift; sourceTree = "<group>"; };
		FA96B55B2872FABA0025B979 /* FindMyOffice.app */ = {isa = PBXFileReference; explicitFileType = wrapper.application; includeInIndex = 0; path = FindMyOffice.app; sourceTree = BUILT_PRODUCTS_DIR; };
		FA96B55E2872FABA0025B979 /* AppDelegate.swift */ = {isa = PBXFileReference; lastKnownFileType = sourcecode.swift; path = AppDelegate.swift; sourceTree = "<group>"; };
		FA96B5602872FABA0025B979 /* SceneDelegate.swift */ = {isa = PBXFileReference; lastKnownFileType = sourcecode.swift; path = SceneDelegate.swift; sourceTree = "<group>"; };
		FA96B5622872FABA0025B979 /* LoginViewController.swift */ = {isa = PBXFileReference; lastKnownFileType = sourcecode.swift; path = LoginViewController.swift; sourceTree = "<group>"; };
		FA96B5652872FABA0025B979 /* Base */ = {isa = PBXFileReference; lastKnownFileType = file.storyboard; name = Base; path = Base.lproj/Main.storyboard; sourceTree = "<group>"; };
		FA96B5672872FABB0025B979 /* Assets.xcassets */ = {isa = PBXFileReference; lastKnownFileType = folder.assetcatalog; path = Assets.xcassets; sourceTree = "<group>"; };
		FA96B56A2872FABB0025B979 /* Base */ = {isa = PBXFileReference; lastKnownFileType = file.storyboard; name = Base; path = Base.lproj/LaunchScreen.storyboard; sourceTree = "<group>"; };
		FA96B56C2872FABB0025B979 /* Info.plist */ = {isa = PBXFileReference; lastKnownFileType = text.plist.xml; path = Info.plist; sourceTree = "<group>"; };
		FA96B5712872FABC0025B979 /* FindMyOfficeTests.xctest */ = {isa = PBXFileReference; explicitFileType = wrapper.cfbundle; includeInIndex = 0; path = FindMyOfficeTests.xctest; sourceTree = BUILT_PRODUCTS_DIR; };
		FA96B5752872FABC0025B979 /* FindMyOfficeTests.swift */ = {isa = PBXFileReference; lastKnownFileType = sourcecode.swift; path = FindMyOfficeTests.swift; sourceTree = "<group>"; };
		FA96B57B2872FABC0025B979 /* FindMyOfficeUITests.xctest */ = {isa = PBXFileReference; explicitFileType = wrapper.cfbundle; includeInIndex = 0; path = FindMyOfficeUITests.xctest; sourceTree = BUILT_PRODUCTS_DIR; };
		FA96B57F2872FABC0025B979 /* FindMyOfficeUITests.swift */ = {isa = PBXFileReference; lastKnownFileType = sourcecode.swift; path = FindMyOfficeUITests.swift; sourceTree = "<group>"; };
		FA96B5812872FABC0025B979 /* FindMyOfficeUITestsLaunchTests.swift */ = {isa = PBXFileReference; lastKnownFileType = sourcecode.swift; path = FindMyOfficeUITestsLaunchTests.swift; sourceTree = "<group>"; };
		FA96B58F287301920025B979 /* Development.xcconfig */ = {isa = PBXFileReference; lastKnownFileType = text.xcconfig; path = Development.xcconfig; sourceTree = "<group>"; };
		FA96B590287301C20025B979 /* Production.xcconfig */ = {isa = PBXFileReference; lastKnownFileType = text.xcconfig; path = Production.xcconfig; sourceTree = "<group>"; };
		FABB3CDD28744B9B009CEC8B /* FindMyOffice.entitlements */ = {isa = PBXFileReference; lastKnownFileType = text.plist.entitlements; path = FindMyOffice.entitlements; sourceTree = "<group>"; };
		FAC2F1BE28AA22CC00C18D64 /* FindMyOffice.xcdatamodel */ = {isa = PBXFileReference; lastKnownFileType = wrapper.xcdatamodel; path = FindMyOffice.xcdatamodel; sourceTree = "<group>"; };
		FAC2F1CF28AA94EB00C18D64 /* Favorites.storyboard */ = {isa = PBXFileReference; lastKnownFileType = file.storyboard; path = Favorites.storyboard; sourceTree = "<group>"; };
		FAC2F1D028AA94EB00C18D64 /* FavoritesViewController.swift */ = {isa = PBXFileReference; lastKnownFileType = sourcecode.swift; path = FavoritesViewController.swift; sourceTree = "<group>"; };
		FAC2F1D128AA94EB00C18D64 /* FavoritesPresenter.swift */ = {isa = PBXFileReference; lastKnownFileType = sourcecode.swift; path = FavoritesPresenter.swift; sourceTree = "<group>"; };
		FAC2F1D228AA94EB00C18D64 /* FavoritesInteractor.swift */ = {isa = PBXFileReference; lastKnownFileType = sourcecode.swift; path = FavoritesInteractor.swift; sourceTree = "<group>"; };
		FAC2F1D328AA94EB00C18D64 /* FavoritesModels.swift */ = {isa = PBXFileReference; lastKnownFileType = sourcecode.swift; path = FavoritesModels.swift; sourceTree = "<group>"; };
		FAC2F1D428AA94EB00C18D64 /* FavoritesWorker.swift */ = {isa = PBXFileReference; lastKnownFileType = sourcecode.swift; path = FavoritesWorker.swift; sourceTree = "<group>"; };
		FAC2F1D528AA94EB00C18D64 /* FavoritesRouter.swift */ = {isa = PBXFileReference; lastKnownFileType = sourcecode.swift; path = FavoritesRouter.swift; sourceTree = "<group>"; };
		FAC2F1E328AF7DF200C18D64 /* Website.storyboard */ = {isa = PBXFileReference; lastKnownFileType = file.storyboard; path = Website.storyboard; sourceTree = "<group>"; };
		FAC2F1E428AF7DF200C18D64 /* WebsiteViewController.swift */ = {isa = PBXFileReference; lastKnownFileType = sourcecode.swift; path = WebsiteViewController.swift; sourceTree = "<group>"; };
		FAC2F1E528AF7DF200C18D64 /* WebsitePresenter.swift */ = {isa = PBXFileReference; lastKnownFileType = sourcecode.swift; path = WebsitePresenter.swift; sourceTree = "<group>"; };
		FAC2F1E628AF7DF200C18D64 /* WebsiteInteractor.swift */ = {isa = PBXFileReference; lastKnownFileType = sourcecode.swift; path = WebsiteInteractor.swift; sourceTree = "<group>"; };
		FAC2F1E728AF7DF200C18D64 /* WebsiteModels.swift */ = {isa = PBXFileReference; lastKnownFileType = sourcecode.swift; path = WebsiteModels.swift; sourceTree = "<group>"; };
		FAC2F1E828AF7DF200C18D64 /* WebsiteWorker.swift */ = {isa = PBXFileReference; lastKnownFileType = sourcecode.swift; path = WebsiteWorker.swift; sourceTree = "<group>"; };
		FAC2F1E928AF7DF200C18D64 /* WebsiteRouter.swift */ = {isa = PBXFileReference; lastKnownFileType = sourcecode.swift; path = WebsiteRouter.swift; sourceTree = "<group>"; };
		FAC34B6928A44EE8004BBE64 /* fullScreenCell.swift */ = {isa = PBXFileReference; lastKnownFileType = sourcecode.swift; path = fullScreenCell.swift; sourceTree = "<group>"; };
		FAC34B6A28A44EE8004BBE64 /* fullScreenCell.xib */ = {isa = PBXFileReference; lastKnownFileType = file.xib; path = fullScreenCell.xib; sourceTree = "<group>"; };
		FAD17F56289ECC42006FDD6F /* OfficeImagesCell.swift */ = {isa = PBXFileReference; lastKnownFileType = sourcecode.swift; path = OfficeImagesCell.swift; sourceTree = "<group>"; };
		FAD17F57289ECC42006FDD6F /* OfficeImagesCell.xib */ = {isa = PBXFileReference; lastKnownFileType = file.xib; path = OfficeImagesCell.xib; sourceTree = "<group>"; };
		FAE0C18928A1156A00E93887 /* FullScreen.storyboard */ = {isa = PBXFileReference; lastKnownFileType = file.storyboard; path = FullScreen.storyboard; sourceTree = "<group>"; };
		FAE0C18A28A1156A00E93887 /* FullScreenViewController.swift */ = {isa = PBXFileReference; lastKnownFileType = sourcecode.swift; path = FullScreenViewController.swift; sourceTree = "<group>"; };
		FAE0C18B28A1156A00E93887 /* FullScreenPresenter.swift */ = {isa = PBXFileReference; lastKnownFileType = sourcecode.swift; path = FullScreenPresenter.swift; sourceTree = "<group>"; };
		FAE0C18C28A1156A00E93887 /* FullScreenInteractor.swift */ = {isa = PBXFileReference; lastKnownFileType = sourcecode.swift; path = FullScreenInteractor.swift; sourceTree = "<group>"; };
		FAE0C18D28A1156A00E93887 /* FullScreenModels.swift */ = {isa = PBXFileReference; lastKnownFileType = sourcecode.swift; path = FullScreenModels.swift; sourceTree = "<group>"; };
		FAE0C18E28A1156A00E93887 /* FullScreenWorker.swift */ = {isa = PBXFileReference; lastKnownFileType = sourcecode.swift; path = FullScreenWorker.swift; sourceTree = "<group>"; };
		FAE0C18F28A1156A00E93887 /* FullScreenRouter.swift */ = {isa = PBXFileReference; lastKnownFileType = sourcecode.swift; path = FullScreenRouter.swift; sourceTree = "<group>"; };
		FAEEE61C2890912000AA4E4F /* RegisterViewController.swift */ = {isa = PBXFileReference; lastKnownFileType = sourcecode.swift; path = RegisterViewController.swift; sourceTree = "<group>"; };
/* End PBXFileReference section */

/* Begin PBXFrameworksBuildPhase section */
		FA96B5582872FAB90025B979 /* Frameworks */ = {
			isa = PBXFrameworksBuildPhase;
			buildActionMask = 2147483647;
			files = (
				FA62C743289E737800794892 /* SDWebImageMapKit in Frameworks */,
				FA62C741289E737800794892 /* SDWebImage in Frameworks */,
			);
			runOnlyForDeploymentPostprocessing = 0;
		};
		FA96B56E2872FABC0025B979 /* Frameworks */ = {
			isa = PBXFrameworksBuildPhase;
			buildActionMask = 2147483647;
			files = (
			);
			runOnlyForDeploymentPostprocessing = 0;
		};
		FA96B5782872FABC0025B979 /* Frameworks */ = {
			isa = PBXFrameworksBuildPhase;
			buildActionMask = 2147483647;
			files = (
			);
			runOnlyForDeploymentPostprocessing = 0;
		};
/* End PBXFrameworksBuildPhase section */

/* Begin PBXGroup section */
		FA20889F289EC2B8005B8F37 /* TableViewCell */ = {
			isa = PBXGroup;
			children = (
				FA62C73C289E724B00794892 /* OfficeListCell.xib */,
				FA62C73B289E724B00794892 /* OfficeListCell.swift */,
			);
			path = TableViewCell;
			sourceTree = "<group>";
		};
		FA2088A0289EC2CA005B8F37 /* CollectionViewCell */ = {
			isa = PBXGroup;
			children = (
				FAD17F56289ECC42006FDD6F /* OfficeImagesCell.swift */,
				FAD17F57289ECC42006FDD6F /* OfficeImagesCell.xib */,
			);
			path = CollectionViewCell;
			sourceTree = "<group>";
		};
		FA28FA9B289BEC7E009B528F /* Network */ = {
			isa = PBXGroup;
			children = (
				FA28FA9C289BEC8B009B528F /* API.swift */,
				FA28FA9E289BECAA009B528F /* NetworkManager.swift */,
				FA28FAA1289BECC8009B528F /* OfficeResponse.swift */,
			);
			path = Network;
			sourceTree = "<group>";
		};
		FA28FAB1289BEDB8009B528F /* Offices */ = {
			isa = PBXGroup;
			children = (
				FA28FAA3289BEDA9009B528F /* Offices.storyboard */,
				FA28FAA4289BEDA9009B528F /* OfficesViewController.swift */,
				FA28FAA5289BEDA9009B528F /* OfficesPresenter.swift */,
				FA28FAA6289BEDA9009B528F /* OfficesInteractor.swift */,
				FA28FAA7289BEDA9009B528F /* OfficesModels.swift */,
				FA28FAA8289BEDA9009B528F /* OfficesWorker.swift */,
				FA28FAA9289BEDA9009B528F /* OfficesRouter.swift */,
			);
			path = Offices;
			sourceTree = "<group>";
		};
		FA62C736289E710D00794892 /* Cells */ = {
			isa = PBXGroup;
			children = (
				FA2088A0289EC2CA005B8F37 /* CollectionViewCell */,
				FA20889F289EC2B8005B8F37 /* TableViewCell */,
				FAC34B6D28A4E26F004BBE64 /* FullScreenCell */,
			);
			path = Cells;
			sourceTree = "<group>";
		};
		FA62C744289E944D00794892 /* OfficeDetail */ = {
			isa = PBXGroup;
			children = (
				FA62C745289E948600794892 /* OfficeDetail.storyboard */,
				FA62C746289E948600794892 /* OfficeDetailViewController.swift */,
				FA62C747289E948600794892 /* OfficeDetailPresenter.swift */,
				FA62C748289E948600794892 /* OfficeDetailInteractor.swift */,
				FA62C749289E948600794892 /* OfficeDetailModels.swift */,
				FA62C74A289E948600794892 /* OfficeDetailWorker.swift */,
				FA62C74B289E948600794892 /* OfficeDetailRouter.swift */,
			);
			path = OfficeDetail;
			sourceTree = "<group>";
		};
		FA96B5522872FAB90025B979 = {
			isa = PBXGroup;
			children = (
				FA96B58E2873011F0025B979 /* Configurations */,
				FA96B55D2872FABA0025B979 /* FindMyOffice */,
				FA96B5742872FABC0025B979 /* FindMyOfficeTests */,
				FA96B57E2872FABC0025B979 /* FindMyOfficeUITests */,
				FA96B55C2872FABA0025B979 /* Products */,
			);
			sourceTree = "<group>";
		};
		FA96B55C2872FABA0025B979 /* Products */ = {
			isa = PBXGroup;
			children = (
				FA96B55B2872FABA0025B979 /* FindMyOffice.app */,
				FA96B5712872FABC0025B979 /* FindMyOfficeTests.xctest */,
				FA96B57B2872FABC0025B979 /* FindMyOfficeUITests.xctest */,
			);
			name = Products;
			sourceTree = "<group>";
		};
		FA96B55D2872FABA0025B979 /* FindMyOffice */ = {
			isa = PBXGroup;
			children = (
				FA28FA9B289BEC7E009B528F /* Network */,
				FAC2F1F128AF98CD00C18D64 /* Scenes */,
				FABB3CDD28744B9B009CEC8B /* FindMyOffice.entitlements */,
				FA96B55E2872FABA0025B979 /* AppDelegate.swift */,
				FA96B5602872FABA0025B979 /* SceneDelegate.swift */,
				FA96B5622872FABA0025B979 /* LoginViewController.swift */,
				FAEEE61C2890912000AA4E4F /* RegisterViewController.swift */,
				FA96B5642872FABA0025B979 /* Main.storyboard */,
				FA96B5692872FABB0025B979 /* LaunchScreen.storyboard */,
				FA96B5672872FABB0025B979 /* Assets.xcassets */,
				FA96B56C2872FABB0025B979 /* Info.plist */,
				FAC2F1BD28AA22CC00C18D64 /* FindMyOffice.xcdatamodeld */,
			);
			path = FindMyOffice;
			sourceTree = "<group>";
		};
		FA96B5742872FABC0025B979 /* FindMyOfficeTests */ = {
			isa = PBXGroup;
			children = (
				FA96B5752872FABC0025B979 /* FindMyOfficeTests.swift */,
			);
			path = FindMyOfficeTests;
			sourceTree = "<group>";
		};
		FA96B57E2872FABC0025B979 /* FindMyOfficeUITests */ = {
			isa = PBXGroup;
			children = (
				FA96B57F2872FABC0025B979 /* FindMyOfficeUITests.swift */,
				FA96B5812872FABC0025B979 /* FindMyOfficeUITestsLaunchTests.swift */,
			);
			path = FindMyOfficeUITests;
			sourceTree = "<group>";
		};
		FA96B58E2873011F0025B979 /* Configurations */ = {
			isa = PBXGroup;
			children = (
				FA96B58F287301920025B979 /* Development.xcconfig */,
				FA96B590287301C20025B979 /* Production.xcconfig */,
			);
			path = Configurations;
			sourceTree = "<group>";
		};
		FAC2F1CE28AA93BC00C18D64 /* Favorites */ = {
			isa = PBXGroup;
			children = (
				FAC2F1CF28AA94EB00C18D64 /* Favorites.storyboard */,
				FAC2F1D028AA94EB00C18D64 /* FavoritesViewController.swift */,
				FAC2F1D128AA94EB00C18D64 /* FavoritesPresenter.swift */,
				FAC2F1D228AA94EB00C18D64 /* FavoritesInteractor.swift */,
				FAC2F1D328AA94EB00C18D64 /* FavoritesModels.swift */,
				FAC2F1D428AA94EB00C18D64 /* FavoritesWorker.swift */,
				FAC2F1D528AA94EB00C18D64 /* FavoritesRouter.swift */,
			);
			path = Favorites;
			sourceTree = "<group>";
		};
		FAC2F1E228AF7DB600C18D64 /* WebSite */ = {
			isa = PBXGroup;
			children = (
				FAC2F1E328AF7DF200C18D64 /* Website.storyboard */,
				FAC2F1E428AF7DF200C18D64 /* WebsiteViewController.swift */,
				FAC2F1E528AF7DF200C18D64 /* WebsitePresenter.swift */,
				FAC2F1E628AF7DF200C18D64 /* WebsiteInteractor.swift */,
				FAC2F1E728AF7DF200C18D64 /* WebsiteModels.swift */,
				FAC2F1E828AF7DF200C18D64 /* WebsiteWorker.swift */,
				FAC2F1E928AF7DF200C18D64 /* WebsiteRouter.swift */,
			);
			path = WebSite;
			sourceTree = "<group>";
		};
		FAC2F1F128AF98CD00C18D64 /* Scenes */ = {
			isa = PBXGroup;
			children = (
				FA62C736289E710D00794892 /* Cells */,
				FA28FAB1289BEDB8009B528F /* Offices */,
				FAE0C19728A1212300E93887 /* FullScreen */,
				FA62C744289E944D00794892 /* OfficeDetail */,
				FAC2F1CE28AA93BC00C18D64 /* Favorites */,
				FAC2F1E228AF7DB600C18D64 /* WebSite */,
			);
			path = Scenes;
			sourceTree = "<group>";
		};
		FAC34B6D28A4E26F004BBE64 /* FullScreenCell */ = {
			isa = PBXGroup;
			children = (
				FAC34B6928A44EE8004BBE64 /* fullScreenCell.swift */,
				FAC34B6A28A44EE8004BBE64 /* fullScreenCell.xib */,
			);
			path = FullScreenCell;
			sourceTree = "<group>";
		};
		FAE0C19728A1212300E93887 /* FullScreen */ = {
			isa = PBXGroup;
			children = (
				FAE0C18928A1156A00E93887 /* FullScreen.storyboard */,
				FAE0C18A28A1156A00E93887 /* FullScreenViewController.swift */,
				FAE0C18B28A1156A00E93887 /* FullScreenPresenter.swift */,
				FAE0C18C28A1156A00E93887 /* FullScreenInteractor.swift */,
				FAE0C18D28A1156A00E93887 /* FullScreenModels.swift */,
				FAE0C18E28A1156A00E93887 /* FullScreenWorker.swift */,
				FAE0C18F28A1156A00E93887 /* FullScreenRouter.swift */,
			);
			path = FullScreen;
			sourceTree = "<group>";
		};
/* End PBXGroup section */

/* Begin PBXNativeTarget section */
		FA96B55A2872FAB90025B979 /* FindMyOffice */ = {
			isa = PBXNativeTarget;
			buildConfigurationList = FA96B5852872FABC0025B979 /* Build configuration list for PBXNativeTarget "FindMyOffice" */;
			buildPhases = (
				FA96B5572872FAB90025B979 /* Sources */,
				FA96B5582872FAB90025B979 /* Frameworks */,
				FA96B5592872FAB90025B979 /* Resources */,
			);
			buildRules = (
			);
			dependencies = (
			);
			name = FindMyOffice;
			packageProductDependencies = (
				FA62C740289E737800794892 /* SDWebImage */,
				FA62C742289E737800794892 /* SDWebImageMapKit */,
			);
			productName = FindMyOffice;
			productReference = FA96B55B2872FABA0025B979 /* FindMyOffice.app */;
			productType = "com.apple.product-type.application";
		};
		FA96B5702872FABC0025B979 /* FindMyOfficeTests */ = {
			isa = PBXNativeTarget;
			buildConfigurationList = FA96B5882872FABC0025B979 /* Build configuration list for PBXNativeTarget "FindMyOfficeTests" */;
			buildPhases = (
				FA96B56D2872FABC0025B979 /* Sources */,
				FA96B56E2872FABC0025B979 /* Frameworks */,
				FA96B56F2872FABC0025B979 /* Resources */,
			);
			buildRules = (
			);
			dependencies = (
				FA96B5732872FABC0025B979 /* PBXTargetDependency */,
			);
			name = FindMyOfficeTests;
			productName = FindMyOfficeTests;
			productReference = FA96B5712872FABC0025B979 /* FindMyOfficeTests.xctest */;
			productType = "com.apple.product-type.bundle.unit-test";
		};
		FA96B57A2872FABC0025B979 /* FindMyOfficeUITests */ = {
			isa = PBXNativeTarget;
			buildConfigurationList = FA96B58B2872FABC0025B979 /* Build configuration list for PBXNativeTarget "FindMyOfficeUITests" */;
			buildPhases = (
				FA96B5772872FABC0025B979 /* Sources */,
				FA96B5782872FABC0025B979 /* Frameworks */,
				FA96B5792872FABC0025B979 /* Resources */,
			);
			buildRules = (
			);
			dependencies = (
				FA96B57D2872FABC0025B979 /* PBXTargetDependency */,
			);
			name = FindMyOfficeUITests;
			productName = FindMyOfficeUITests;
			productReference = FA96B57B2872FABC0025B979 /* FindMyOfficeUITests.xctest */;
			productType = "com.apple.product-type.bundle.ui-testing";
		};
/* End PBXNativeTarget section */

/* Begin PBXProject section */
		FA96B5532872FAB90025B979 /* Project object */ = {
			isa = PBXProject;
			attributes = {
				BuildIndependentTargetsInParallel = 1;
				LastSwiftUpdateCheck = 1340;
				LastUpgradeCheck = 1340;
				TargetAttributes = {
					FA96B55A2872FAB90025B979 = {
						CreatedOnToolsVersion = 13.4.1;
					};
					FA96B5702872FABC0025B979 = {
						CreatedOnToolsVersion = 13.4.1;
						TestTargetID = FA96B55A2872FAB90025B979;
					};
					FA96B57A2872FABC0025B979 = {
						CreatedOnToolsVersion = 13.4.1;
						TestTargetID = FA96B55A2872FAB90025B979;
					};
				};
			};
			buildConfigurationList = FA96B5562872FAB90025B979 /* Build configuration list for PBXProject "FindMyOffice" */;
			compatibilityVersion = "Xcode 13.0";
			developmentRegion = en;
			hasScannedForEncodings = 0;
			knownRegions = (
				en,
				Base,
			);
			mainGroup = FA96B5522872FAB90025B979;
			packageReferences = (
				FA62C73F289E737800794892 /* XCRemoteSwiftPackageReference "SDWebImage" */,
			);
			productRefGroup = FA96B55C2872FABA0025B979 /* Products */;
			projectDirPath = "";
			projectRoot = "";
			targets = (
				FA96B55A2872FAB90025B979 /* FindMyOffice */,
				FA96B5702872FABC0025B979 /* FindMyOfficeTests */,
				FA96B57A2872FABC0025B979 /* FindMyOfficeUITests */,
			);
		};
/* End PBXProject section */

/* Begin PBXResourcesBuildPhase section */
		FA96B5592872FAB90025B979 /* Resources */ = {
			isa = PBXResourcesBuildPhase;
			buildActionMask = 2147483647;
			files = (
				FA28FAAA289BEDA9009B528F /* Offices.storyboard in Resources */,
				FAC34B6C28A44EE8004BBE64 /* fullScreenCell.xib in Resources */,
				FA62C74C289E948600794892 /* OfficeDetail.storyboard in Resources */,
				FA96B56B2872FABB0025B979 /* LaunchScreen.storyboard in Resources */,
				FAC2F1EA28AF7DF200C18D64 /* Website.storyboard in Resources */,
				FAC2F1D628AA94EB00C18D64 /* Favorites.storyboard in Resources */,
				FAD17F59289ECC42006FDD6F /* OfficeImagesCell.xib in Resources */,
				FA96B5682872FABB0025B979 /* Assets.xcassets in Resources */,
				FA62C73E289E724B00794892 /* OfficeListCell.xib in Resources */,
				FA96B5662872FABA0025B979 /* Main.storyboard in Resources */,
				FAE0C19028A1156B00E93887 /* FullScreen.storyboard in Resources */,
			);
			runOnlyForDeploymentPostprocessing = 0;
		};
		FA96B56F2872FABC0025B979 /* Resources */ = {
			isa = PBXResourcesBuildPhase;
			buildActionMask = 2147483647;
			files = (
			);
			runOnlyForDeploymentPostprocessing = 0;
		};
		FA96B5792872FABC0025B979 /* Resources */ = {
			isa = PBXResourcesBuildPhase;
			buildActionMask = 2147483647;
			files = (
			);
			runOnlyForDeploymentPostprocessing = 0;
		};
/* End PBXResourcesBuildPhase section */

/* Begin PBXSourcesBuildPhase section */
		FA96B5572872FAB90025B979 /* Sources */ = {
			isa = PBXSourcesBuildPhase;
			buildActionMask = 2147483647;
			files = (
				FAE0C19528A1156B00E93887 /* FullScreenWorker.swift in Sources */,
				FA28FAAD289BEDA9009B528F /* OfficesInteractor.swift in Sources */,
				FAC2F1D928AA94EB00C18D64 /* FavoritesInteractor.swift in Sources */,
				FA28FA9F289BECAA009B528F /* NetworkManager.swift in Sources */,
				FAC2F1EB28AF7DF200C18D64 /* WebsiteViewController.swift in Sources */,
				FA96B5632872FABA0025B979 /* LoginViewController.swift in Sources */,
				FAC2F1DB28AA94EB00C18D64 /* FavoritesWorker.swift in Sources */,
				FAE0C19328A1156B00E93887 /* FullScreenInteractor.swift in Sources */,
				FAC2F1BF28AA22CC00C18D64 /* FindMyOffice.xcdatamodeld in Sources */,
				FA96B55F2872FABA0025B979 /* AppDelegate.swift in Sources */,
				FAC2F1ED28AF7DF200C18D64 /* WebsiteInteractor.swift in Sources */,
				FAC2F1EF28AF7DF200C18D64 /* WebsiteWorker.swift in Sources */,
				FAE0C19228A1156B00E93887 /* FullScreenPresenter.swift in Sources */,
				FA62C750289E948600794892 /* OfficeDetailModels.swift in Sources */,
				FA28FAAE289BEDA9009B528F /* OfficesModels.swift in Sources */,
				FA62C73D289E724B00794892 /* OfficeListCell.swift in Sources */,
				FA96B5612872FABA0025B979 /* SceneDelegate.swift in Sources */,
				FA28FAAB289BEDA9009B528F /* OfficesViewController.swift in Sources */,
				FAC2F1DC28AA94EB00C18D64 /* FavoritesRouter.swift in Sources */,
				FAE0C19428A1156B00E93887 /* FullScreenModels.swift in Sources */,
				FAE0C19128A1156B00E93887 /* FullScreenViewController.swift in Sources */,
				FAC34B6B28A44EE8004BBE64 /* fullScreenCell.swift in Sources */,
				FA28FAAC289BEDA9009B528F /* OfficesPresenter.swift in Sources */,
				FA62C751289E948600794892 /* OfficeDetailWorker.swift in Sources */,
				FAC2F1D828AA94EB00C18D64 /* FavoritesPresenter.swift in Sources */,
				FAEEE61D2890912000AA4E4F /* RegisterViewController.swift in Sources */,
				FAC2F1EC28AF7DF200C18D64 /* WebsitePresenter.swift in Sources */,
				FAC2F1F028AF7DF200C18D64 /* WebsiteRouter.swift in Sources */,
				FA62C74D289E948600794892 /* OfficeDetailViewController.swift in Sources */,
				FA28FAA2289BECC8009B528F /* OfficeResponse.swift in Sources */,
				FAD17F58289ECC42006FDD6F /* OfficeImagesCell.swift in Sources */,
				FA28FA9D289BEC8B009B528F /* API.swift in Sources */,
				FAE0C19628A1156B00E93887 /* FullScreenRouter.swift in Sources */,
				FAC2F1EE28AF7DF200C18D64 /* WebsiteModels.swift in Sources */,
				FA62C74E289E948600794892 /* OfficeDetailPresenter.swift in Sources */,
				FA62C74F289E948600794892 /* OfficeDetailInteractor.swift in Sources */,
				FA28FAAF289BEDA9009B528F /* OfficesWorker.swift in Sources */,
				FA28FAB0289BEDA9009B528F /* OfficesRouter.swift in Sources */,
				FAC2F1DA28AA94EB00C18D64 /* FavoritesModels.swift in Sources */,
				FAC2F1D728AA94EB00C18D64 /* FavoritesViewController.swift in Sources */,
				FA62C752289E948600794892 /* OfficeDetailRouter.swift in Sources */,
			);
			runOnlyForDeploymentPostprocessing = 0;
		};
		FA96B56D2872FABC0025B979 /* Sources */ = {
			isa = PBXSourcesBuildPhase;
			buildActionMask = 2147483647;
			files = (
				FA96B5762872FABC0025B979 /* FindMyOfficeTests.swift in Sources */,
			);
			runOnlyForDeploymentPostprocessing = 0;
		};
		FA96B5772872FABC0025B979 /* Sources */ = {
			isa = PBXSourcesBuildPhase;
			buildActionMask = 2147483647;
			files = (
				FA96B5802872FABC0025B979 /* FindMyOfficeUITests.swift in Sources */,
				FA96B5822872FABC0025B979 /* FindMyOfficeUITestsLaunchTests.swift in Sources */,
			);
			runOnlyForDeploymentPostprocessing = 0;
		};
/* End PBXSourcesBuildPhase section */

/* Begin PBXTargetDependency section */
		FA96B5732872FABC0025B979 /* PBXTargetDependency */ = {
			isa = PBXTargetDependency;
			target = FA96B55A2872FAB90025B979 /* FindMyOffice */;
			targetProxy = FA96B5722872FABC0025B979 /* PBXContainerItemProxy */;
		};
		FA96B57D2872FABC0025B979 /* PBXTargetDependency */ = {
			isa = PBXTargetDependency;
			target = FA96B55A2872FAB90025B979 /* FindMyOffice */;
			targetProxy = FA96B57C2872FABC0025B979 /* PBXContainerItemProxy */;
		};
/* End PBXTargetDependency section */

/* Begin PBXVariantGroup section */
		FA96B5642872FABA0025B979 /* Main.storyboard */ = {
			isa = PBXVariantGroup;
			children = (
				FA96B5652872FABA0025B979 /* Base */,
			);
			name = Main.storyboard;
			sourceTree = "<group>";
		};
		FA96B5692872FABB0025B979 /* LaunchScreen.storyboard */ = {
			isa = PBXVariantGroup;
			children = (
				FA96B56A2872FABB0025B979 /* Base */,
			);
			name = LaunchScreen.storyboard;
			sourceTree = "<group>";
		};
/* End PBXVariantGroup section */

/* Begin XCBuildConfiguration section */
		FA96B5832872FABC0025B979 /* ProductionDebug */ = {
			isa = XCBuildConfiguration;
			baseConfigurationReference = FA96B590287301C20025B979 /* Production.xcconfig */;
			buildSettings = {
				ALWAYS_SEARCH_USER_PATHS = NO;
				CLANG_ANALYZER_NONNULL = YES;
				CLANG_ANALYZER_NUMBER_OBJECT_CONVERSION = YES_AGGRESSIVE;
				CLANG_CXX_LANGUAGE_STANDARD = "gnu++17";
				CLANG_ENABLE_MODULES = YES;
				CLANG_ENABLE_OBJC_ARC = YES;
				CLANG_ENABLE_OBJC_WEAK = YES;
				CLANG_WARN_BLOCK_CAPTURE_AUTORELEASING = YES;
				CLANG_WARN_BOOL_CONVERSION = YES;
				CLANG_WARN_COMMA = YES;
				CLANG_WARN_CONSTANT_CONVERSION = YES;
				CLANG_WARN_DEPRECATED_OBJC_IMPLEMENTATIONS = YES;
				CLANG_WARN_DIRECT_OBJC_ISA_USAGE = YES_ERROR;
				CLANG_WARN_DOCUMENTATION_COMMENTS = YES;
				CLANG_WARN_EMPTY_BODY = YES;
				CLANG_WARN_ENUM_CONVERSION = YES;
				CLANG_WARN_INFINITE_RECURSION = YES;
				CLANG_WARN_INT_CONVERSION = YES;
				CLANG_WARN_NON_LITERAL_NULL_CONVERSION = YES;
				CLANG_WARN_OBJC_IMPLICIT_RETAIN_SELF = YES;
				CLANG_WARN_OBJC_LITERAL_CONVERSION = YES;
				CLANG_WARN_OBJC_ROOT_CLASS = YES_ERROR;
				CLANG_WARN_QUOTED_INCLUDE_IN_FRAMEWORK_HEADER = YES;
				CLANG_WARN_RANGE_LOOP_ANALYSIS = YES;
				CLANG_WARN_STRICT_PROTOTYPES = YES;
				CLANG_WARN_SUSPICIOUS_MOVE = YES;
				CLANG_WARN_UNGUARDED_AVAILABILITY = YES_AGGRESSIVE;
				CLANG_WARN_UNREACHABLE_CODE = YES;
				CLANG_WARN__DUPLICATE_METHOD_MATCH = YES;
				COPY_PHASE_STRIP = NO;
				DEBUG_INFORMATION_FORMAT = dwarf;
				ENABLE_STRICT_OBJC_MSGSEND = YES;
				ENABLE_TESTABILITY = YES;
				GCC_C_LANGUAGE_STANDARD = gnu11;
				GCC_DYNAMIC_NO_PIC = NO;
				GCC_NO_COMMON_BLOCKS = YES;
				GCC_OPTIMIZATION_LEVEL = 0;
				GCC_PREPROCESSOR_DEFINITIONS = (
					"DEBUG=1",
					"$(inherited)",
				);
				GCC_WARN_64_TO_32_BIT_CONVERSION = YES;
				GCC_WARN_ABOUT_RETURN_TYPE = YES_ERROR;
				GCC_WARN_UNDECLARED_SELECTOR = YES;
				GCC_WARN_UNINITIALIZED_AUTOS = YES_AGGRESSIVE;
				GCC_WARN_UNUSED_FUNCTION = YES;
				GCC_WARN_UNUSED_VARIABLE = YES;
				IPHONEOS_DEPLOYMENT_TARGET = 15.5;
				MTL_ENABLE_DEBUG_INFO = INCLUDE_SOURCE;
				MTL_FAST_MATH = YES;
				ONLY_ACTIVE_ARCH = YES;
				SDKROOT = iphoneos;
				SWIFT_ACTIVE_COMPILATION_CONDITIONS = DEBUG;
				SWIFT_OPTIMIZATION_LEVEL = "-Onone";
				VALIDATE_WORKSPACE_SKIPPED_SDK_FRAMEWORKS = "";
			};
			name = ProductionDebug;
		};
		FA96B5842872FABC0025B979 /* ProductionRelease */ = {
			isa = XCBuildConfiguration;
			baseConfigurationReference = FA96B590287301C20025B979 /* Production.xcconfig */;
			buildSettings = {
				ALWAYS_SEARCH_USER_PATHS = NO;
				CLANG_ANALYZER_NONNULL = YES;
				CLANG_ANALYZER_NUMBER_OBJECT_CONVERSION = YES_AGGRESSIVE;
				CLANG_CXX_LANGUAGE_STANDARD = "gnu++17";
				CLANG_ENABLE_MODULES = YES;
				CLANG_ENABLE_OBJC_ARC = YES;
				CLANG_ENABLE_OBJC_WEAK = YES;
				CLANG_WARN_BLOCK_CAPTURE_AUTORELEASING = YES;
				CLANG_WARN_BOOL_CONVERSION = YES;
				CLANG_WARN_COMMA = YES;
				CLANG_WARN_CONSTANT_CONVERSION = YES;
				CLANG_WARN_DEPRECATED_OBJC_IMPLEMENTATIONS = YES;
				CLANG_WARN_DIRECT_OBJC_ISA_USAGE = YES_ERROR;
				CLANG_WARN_DOCUMENTATION_COMMENTS = YES;
				CLANG_WARN_EMPTY_BODY = YES;
				CLANG_WARN_ENUM_CONVERSION = YES;
				CLANG_WARN_INFINITE_RECURSION = YES;
				CLANG_WARN_INT_CONVERSION = YES;
				CLANG_WARN_NON_LITERAL_NULL_CONVERSION = YES;
				CLANG_WARN_OBJC_IMPLICIT_RETAIN_SELF = YES;
				CLANG_WARN_OBJC_LITERAL_CONVERSION = YES;
				CLANG_WARN_OBJC_ROOT_CLASS = YES_ERROR;
				CLANG_WARN_QUOTED_INCLUDE_IN_FRAMEWORK_HEADER = YES;
				CLANG_WARN_RANGE_LOOP_ANALYSIS = YES;
				CLANG_WARN_STRICT_PROTOTYPES = YES;
				CLANG_WARN_SUSPICIOUS_MOVE = YES;
				CLANG_WARN_UNGUARDED_AVAILABILITY = YES_AGGRESSIVE;
				CLANG_WARN_UNREACHABLE_CODE = YES;
				CLANG_WARN__DUPLICATE_METHOD_MATCH = YES;
				COPY_PHASE_STRIP = NO;
				DEBUG_INFORMATION_FORMAT = "dwarf-with-dsym";
				ENABLE_NS_ASSERTIONS = NO;
				ENABLE_STRICT_OBJC_MSGSEND = YES;
				GCC_C_LANGUAGE_STANDARD = gnu11;
				GCC_NO_COMMON_BLOCKS = YES;
				GCC_WARN_64_TO_32_BIT_CONVERSION = YES;
				GCC_WARN_ABOUT_RETURN_TYPE = YES_ERROR;
				GCC_WARN_UNDECLARED_SELECTOR = YES;
				GCC_WARN_UNINITIALIZED_AUTOS = YES_AGGRESSIVE;
				GCC_WARN_UNUSED_FUNCTION = YES;
				GCC_WARN_UNUSED_VARIABLE = YES;
				IPHONEOS_DEPLOYMENT_TARGET = 15.5;
				MTL_ENABLE_DEBUG_INFO = NO;
				MTL_FAST_MATH = YES;
				SDKROOT = iphoneos;
				SWIFT_COMPILATION_MODE = wholemodule;
				SWIFT_OPTIMIZATION_LEVEL = "-O";
				VALIDATE_PRODUCT = YES;
				VALIDATE_WORKSPACE_SKIPPED_SDK_FRAMEWORKS = "";
			};
			name = ProductionRelease;
		};
		FA96B5862872FABC0025B979 /* ProductionDebug */ = {
			isa = XCBuildConfiguration;
			baseConfigurationReference = FA96B590287301C20025B979 /* Production.xcconfig */;
			buildSettings = {
				ASSETCATALOG_COMPILER_APPICON_NAME = AppIcon;
				ASSETCATALOG_COMPILER_GLOBAL_ACCENT_COLOR_NAME = AccentColor;
				CODE_SIGN_ENTITLEMENTS = FindMyOffice/FindMyOffice.entitlements;
				CODE_SIGN_IDENTITY = "iPhone Developer";
				CODE_SIGN_STYLE = Manual;
				CURRENT_PROJECT_VERSION = 1;
				DEVELOPMENT_TEAM = TBXF7RJBHZ;
				GENERATE_INFOPLIST_FILE = YES;
				INFOPLIST_FILE = FindMyOffice/Info.plist;
				INFOPLIST_KEY_UIApplicationSupportsIndirectInputEvents = YES;
				INFOPLIST_KEY_UILaunchStoryboardName = LaunchScreen;
				INFOPLIST_KEY_UIMainStoryboardFile = Main;
				INFOPLIST_KEY_UISupportedInterfaceOrientations = UIInterfaceOrientationPortrait;
				INFOPLIST_KEY_UISupportedInterfaceOrientations_iPad = "UIInterfaceOrientationPortrait UIInterfaceOrientationPortraitUpsideDown UIInterfaceOrientationLandscapeLeft UIInterfaceOrientationLandscapeRight";
				INFOPLIST_KEY_UISupportedInterfaceOrientations_iPhone = "UIInterfaceOrientationPortrait UIInterfaceOrientationLandscapeLeft UIInterfaceOrientationLandscapeRight";
				LD_RUNPATH_SEARCH_PATHS = (
					"$(inherited)",
					"@executable_path/Frameworks",
				);
				MARKETING_VERSION = 1.0;
				PRODUCT_BUNDLE_IDENTIFIER = com.mobven.emincan.FindMyOffice;
				PRODUCT_NAME = "$(APP_NAME)";
				PROVISIONING_PROFILE_SPECIFIER = "com.mobven.emincan.FindMyOffice pp";
				SWIFT_EMIT_LOC_STRINGS = YES;
				SWIFT_VERSION = 5.0;
				TARGETED_DEVICE_FAMILY = "1,2";
			};
			name = ProductionDebug;
		};
		FA96B5872872FABC0025B979 /* ProductionRelease */ = {
			isa = XCBuildConfiguration;
			baseConfigurationReference = FA96B590287301C20025B979 /* Production.xcconfig */;
			buildSettings = {
				ASSETCATALOG_COMPILER_APPICON_NAME = AppIcon;
				ASSETCATALOG_COMPILER_GLOBAL_ACCENT_COLOR_NAME = AccentColor;
				CODE_SIGN_ENTITLEMENTS = FindMyOffice/FindMyOffice.entitlements;
				CODE_SIGN_IDENTITY = "iPhone Developer";
				CODE_SIGN_STYLE = Manual;
				CURRENT_PROJECT_VERSION = 1;
				DEVELOPMENT_TEAM = TBXF7RJBHZ;
				GENERATE_INFOPLIST_FILE = YES;
				INFOPLIST_FILE = FindMyOffice/Info.plist;
				INFOPLIST_KEY_UIApplicationSupportsIndirectInputEvents = YES;
				INFOPLIST_KEY_UILaunchStoryboardName = LaunchScreen;
				INFOPLIST_KEY_UIMainStoryboardFile = Main;
				INFOPLIST_KEY_UISupportedInterfaceOrientations = UIInterfaceOrientationPortrait;
				INFOPLIST_KEY_UISupportedInterfaceOrientations_iPad = "UIInterfaceOrientationPortrait UIInterfaceOrientationPortraitUpsideDown UIInterfaceOrientationLandscapeLeft UIInterfaceOrientationLandscapeRight";
				INFOPLIST_KEY_UISupportedInterfaceOrientations_iPhone = "UIInterfaceOrientationPortrait UIInterfaceOrientationLandscapeLeft UIInterfaceOrientationLandscapeRight";
				LD_RUNPATH_SEARCH_PATHS = (
					"$(inherited)",
					"@executable_path/Frameworks",
				);
				MARKETING_VERSION = 1.0;
				PRODUCT_BUNDLE_IDENTIFIER = com.mobven.emincan.FindMyOffice;
				PRODUCT_NAME = "$(APP_NAME)";
				PROVISIONING_PROFILE_SPECIFIER = "com.mobven.emincan.FindMyOffice pp";
				SWIFT_EMIT_LOC_STRINGS = YES;
				SWIFT_VERSION = 5.0;
				TARGETED_DEVICE_FAMILY = "1,2";
			};
			name = ProductionRelease;
		};
		FA96B5892872FABC0025B979 /* ProductionDebug */ = {
			isa = XCBuildConfiguration;
			baseConfigurationReference = FA96B590287301C20025B979 /* Production.xcconfig */;
			buildSettings = {
				ALWAYS_EMBED_SWIFT_STANDARD_LIBRARIES = YES;
				BUNDLE_LOADER = "$(TEST_HOST)";
				CODE_SIGN_STYLE = Automatic;
				CURRENT_PROJECT_VERSION = 1;
				DEVELOPMENT_TEAM = 2MZZ36MSKF;
				GENERATE_INFOPLIST_FILE = YES;
				IPHONEOS_DEPLOYMENT_TARGET = 15.5;
				MARKETING_VERSION = 1.0;
				PRODUCT_BUNDLE_IDENTIFIER = antalyalie.FindMyOfficeTests;
				PRODUCT_NAME = "$(TARGET_NAME)";
				SWIFT_EMIT_LOC_STRINGS = NO;
				SWIFT_VERSION = 5.0;
				TARGETED_DEVICE_FAMILY = "1,2";
				TEST_HOST = "$(BUILT_PRODUCTS_DIR)/FindMyOffice.app/FindMyOffice";
			};
			name = ProductionDebug;
		};
		FA96B58A2872FABC0025B979 /* ProductionRelease */ = {
			isa = XCBuildConfiguration;
			baseConfigurationReference = FA96B590287301C20025B979 /* Production.xcconfig */;
			buildSettings = {
				ALWAYS_EMBED_SWIFT_STANDARD_LIBRARIES = YES;
				BUNDLE_LOADER = "$(TEST_HOST)";
				CODE_SIGN_STYLE = Automatic;
				CURRENT_PROJECT_VERSION = 1;
				DEVELOPMENT_TEAM = 2MZZ36MSKF;
				GENERATE_INFOPLIST_FILE = YES;
				IPHONEOS_DEPLOYMENT_TARGET = 15.5;
				MARKETING_VERSION = 1.0;
				PRODUCT_BUNDLE_IDENTIFIER = antalyalie.FindMyOfficeTests;
				PRODUCT_NAME = "$(TARGET_NAME)";
				SWIFT_EMIT_LOC_STRINGS = NO;
				SWIFT_VERSION = 5.0;
				TARGETED_DEVICE_FAMILY = "1,2";
				TEST_HOST = "$(BUILT_PRODUCTS_DIR)/FindMyOffice.app/FindMyOffice";
			};
			name = ProductionRelease;
		};
		FA96B58C2872FABC0025B979 /* ProductionDebug */ = {
			isa = XCBuildConfiguration;
			baseConfigurationReference = FA96B590287301C20025B979 /* Production.xcconfig */;
			buildSettings = {
				ALWAYS_EMBED_SWIFT_STANDARD_LIBRARIES = YES;
				CODE_SIGN_STYLE = Automatic;
				CURRENT_PROJECT_VERSION = 1;
				DEVELOPMENT_TEAM = 2MZZ36MSKF;
				GENERATE_INFOPLIST_FILE = YES;
				MARKETING_VERSION = 1.0;
				PRODUCT_BUNDLE_IDENTIFIER = antalyalie.FindMyOfficeUITests;
				PRODUCT_NAME = "$(TARGET_NAME)";
				SWIFT_EMIT_LOC_STRINGS = NO;
				SWIFT_VERSION = 5.0;
				TARGETED_DEVICE_FAMILY = "1,2";
				TEST_TARGET_NAME = FindMyOffice;
			};
			name = ProductionDebug;
		};
		FA96B58D2872FABC0025B979 /* ProductionRelease */ = {
			isa = XCBuildConfiguration;
			baseConfigurationReference = FA96B590287301C20025B979 /* Production.xcconfig */;
			buildSettings = {
				ALWAYS_EMBED_SWIFT_STANDARD_LIBRARIES = YES;
				CODE_SIGN_STYLE = Automatic;
				CURRENT_PROJECT_VERSION = 1;
				DEVELOPMENT_TEAM = 2MZZ36MSKF;
				GENERATE_INFOPLIST_FILE = YES;
				MARKETING_VERSION = 1.0;
				PRODUCT_BUNDLE_IDENTIFIER = antalyalie.FindMyOfficeUITests;
				PRODUCT_NAME = "$(TARGET_NAME)";
				SWIFT_EMIT_LOC_STRINGS = NO;
				SWIFT_VERSION = 5.0;
				TARGETED_DEVICE_FAMILY = "1,2";
				TEST_TARGET_NAME = FindMyOffice;
			};
			name = ProductionRelease;
		};
		FA96B591287306830025B979 /* DevelopmentDebug */ = {
			isa = XCBuildConfiguration;
			baseConfigurationReference = FA96B58F287301920025B979 /* Development.xcconfig */;
			buildSettings = {
				ALWAYS_SEARCH_USER_PATHS = NO;
				CLANG_ANALYZER_NONNULL = YES;
				CLANG_ANALYZER_NUMBER_OBJECT_CONVERSION = YES_AGGRESSIVE;
				CLANG_CXX_LANGUAGE_STANDARD = "gnu++17";
				CLANG_ENABLE_MODULES = YES;
				CLANG_ENABLE_OBJC_ARC = YES;
				CLANG_ENABLE_OBJC_WEAK = YES;
				CLANG_WARN_BLOCK_CAPTURE_AUTORELEASING = YES;
				CLANG_WARN_BOOL_CONVERSION = YES;
				CLANG_WARN_COMMA = YES;
				CLANG_WARN_CONSTANT_CONVERSION = YES;
				CLANG_WARN_DEPRECATED_OBJC_IMPLEMENTATIONS = YES;
				CLANG_WARN_DIRECT_OBJC_ISA_USAGE = YES_ERROR;
				CLANG_WARN_DOCUMENTATION_COMMENTS = YES;
				CLANG_WARN_EMPTY_BODY = YES;
				CLANG_WARN_ENUM_CONVERSION = YES;
				CLANG_WARN_INFINITE_RECURSION = YES;
				CLANG_WARN_INT_CONVERSION = YES;
				CLANG_WARN_NON_LITERAL_NULL_CONVERSION = YES;
				CLANG_WARN_OBJC_IMPLICIT_RETAIN_SELF = YES;
				CLANG_WARN_OBJC_LITERAL_CONVERSION = YES;
				CLANG_WARN_OBJC_ROOT_CLASS = YES_ERROR;
				CLANG_WARN_QUOTED_INCLUDE_IN_FRAMEWORK_HEADER = YES;
				CLANG_WARN_RANGE_LOOP_ANALYSIS = YES;
				CLANG_WARN_STRICT_PROTOTYPES = YES;
				CLANG_WARN_SUSPICIOUS_MOVE = YES;
				CLANG_WARN_UNGUARDED_AVAILABILITY = YES_AGGRESSIVE;
				CLANG_WARN_UNREACHABLE_CODE = YES;
				CLANG_WARN__DUPLICATE_METHOD_MATCH = YES;
				COPY_PHASE_STRIP = NO;
				DEBUG_INFORMATION_FORMAT = dwarf;
				ENABLE_STRICT_OBJC_MSGSEND = YES;
				ENABLE_TESTABILITY = YES;
				GCC_C_LANGUAGE_STANDARD = gnu11;
				GCC_DYNAMIC_NO_PIC = NO;
				GCC_NO_COMMON_BLOCKS = YES;
				GCC_OPTIMIZATION_LEVEL = 0;
				GCC_PREPROCESSOR_DEFINITIONS = (
					"DEBUG=1",
					"$(inherited)",
				);
				GCC_WARN_64_TO_32_BIT_CONVERSION = YES;
				GCC_WARN_ABOUT_RETURN_TYPE = YES_ERROR;
				GCC_WARN_UNDECLARED_SELECTOR = YES;
				GCC_WARN_UNINITIALIZED_AUTOS = YES_AGGRESSIVE;
				GCC_WARN_UNUSED_FUNCTION = YES;
				GCC_WARN_UNUSED_VARIABLE = YES;
				IPHONEOS_DEPLOYMENT_TARGET = 15.5;
				MTL_ENABLE_DEBUG_INFO = INCLUDE_SOURCE;
				MTL_FAST_MATH = YES;
				ONLY_ACTIVE_ARCH = YES;
				SDKROOT = iphoneos;
				SWIFT_ACTIVE_COMPILATION_CONDITIONS = DEBUG;
				SWIFT_OPTIMIZATION_LEVEL = "-Onone";
				VALIDATE_WORKSPACE_SKIPPED_SDK_FRAMEWORKS = "";
			};
			name = DevelopmentDebug;
		};
		FA96B592287306830025B979 /* DevelopmentDebug */ = {
			isa = XCBuildConfiguration;
			baseConfigurationReference = FA96B58F287301920025B979 /* Development.xcconfig */;
			buildSettings = {
				ASSETCATALOG_COMPILER_APPICON_NAME = AppIcon;
				ASSETCATALOG_COMPILER_GLOBAL_ACCENT_COLOR_NAME = AccentColor;
				CODE_SIGN_ENTITLEMENTS = FindMyOffice/FindMyOffice.entitlements;
				CODE_SIGN_IDENTITY = "iPhone Developer";
				CODE_SIGN_STYLE = Manual;
				CURRENT_PROJECT_VERSION = 1;
				DEVELOPMENT_TEAM = TBXF7RJBHZ;
				GENERATE_INFOPLIST_FILE = YES;
				INFOPLIST_FILE = FindMyOffice/Info.plist;
				INFOPLIST_KEY_UIApplicationSupportsIndirectInputEvents = YES;
				INFOPLIST_KEY_UILaunchStoryboardName = LaunchScreen;
				INFOPLIST_KEY_UIMainStoryboardFile = Main;
				INFOPLIST_KEY_UISupportedInterfaceOrientations = UIInterfaceOrientationPortrait;
				INFOPLIST_KEY_UISupportedInterfaceOrientations_iPad = "UIInterfaceOrientationPortrait UIInterfaceOrientationPortraitUpsideDown UIInterfaceOrientationLandscapeLeft UIInterfaceOrientationLandscapeRight";
				INFOPLIST_KEY_UISupportedInterfaceOrientations_iPhone = "UIInterfaceOrientationPortrait UIInterfaceOrientationLandscapeLeft UIInterfaceOrientationLandscapeRight";
				LD_RUNPATH_SEARCH_PATHS = (
					"$(inherited)",
					"@executable_path/Frameworks",
				);
				MARKETING_VERSION = 1.0;
				PRODUCT_BUNDLE_IDENTIFIER = com.mobven.emincan.FindMyOffice.dev;
				PRODUCT_NAME = "$(APP_NAME)";
				PROVISIONING_PROFILE_SPECIFIER = "com.mobven.emincan.FindMyOffice.dev pp";
				SWIFT_EMIT_LOC_STRINGS = YES;
				SWIFT_VERSION = 5.0;
				TARGETED_DEVICE_FAMILY = "1,2";
			};
			name = DevelopmentDebug;
		};
		FA96B593287306830025B979 /* DevelopmentDebug */ = {
			isa = XCBuildConfiguration;
			baseConfigurationReference = FA96B58F287301920025B979 /* Development.xcconfig */;
			buildSettings = {
				ALWAYS_EMBED_SWIFT_STANDARD_LIBRARIES = YES;
				BUNDLE_LOADER = "$(TEST_HOST)";
				CODE_SIGN_STYLE = Automatic;
				CURRENT_PROJECT_VERSION = 1;
				DEVELOPMENT_TEAM = 2MZZ36MSKF;
				GENERATE_INFOPLIST_FILE = YES;
				IPHONEOS_DEPLOYMENT_TARGET = 15.5;
				MARKETING_VERSION = 1.0;
				PRODUCT_BUNDLE_IDENTIFIER = antalyalie.FindMyOfficeTests;
				PRODUCT_NAME = "$(TARGET_NAME)";
				SWIFT_EMIT_LOC_STRINGS = NO;
				SWIFT_VERSION = 5.0;
				TARGETED_DEVICE_FAMILY = "1,2";
				TEST_HOST = "$(BUILT_PRODUCTS_DIR)/FindMyOffice.app/FindMyOffice";
			};
			name = DevelopmentDebug;
		};
		FA96B594287306830025B979 /* DevelopmentDebug */ = {
			isa = XCBuildConfiguration;
			baseConfigurationReference = FA96B58F287301920025B979 /* Development.xcconfig */;
			buildSettings = {
				ALWAYS_EMBED_SWIFT_STANDARD_LIBRARIES = YES;
				CODE_SIGN_STYLE = Automatic;
				CURRENT_PROJECT_VERSION = 1;
				DEVELOPMENT_TEAM = 2MZZ36MSKF;
				GENERATE_INFOPLIST_FILE = YES;
				MARKETING_VERSION = 1.0;
				PRODUCT_BUNDLE_IDENTIFIER = antalyalie.FindMyOfficeUITests;
				PRODUCT_NAME = "$(TARGET_NAME)";
				SWIFT_EMIT_LOC_STRINGS = NO;
				SWIFT_VERSION = 5.0;
				TARGETED_DEVICE_FAMILY = "1,2";
				TEST_TARGET_NAME = FindMyOffice;
			};
			name = DevelopmentDebug;
		};
		FA96B595287306990025B979 /* DevelopmentRelease */ = {
			isa = XCBuildConfiguration;
			baseConfigurationReference = FA96B58F287301920025B979 /* Development.xcconfig */;
			buildSettings = {
				ALWAYS_SEARCH_USER_PATHS = NO;
				CLANG_ANALYZER_NONNULL = YES;
				CLANG_ANALYZER_NUMBER_OBJECT_CONVERSION = YES_AGGRESSIVE;
				CLANG_CXX_LANGUAGE_STANDARD = "gnu++17";
				CLANG_ENABLE_MODULES = YES;
				CLANG_ENABLE_OBJC_ARC = YES;
				CLANG_ENABLE_OBJC_WEAK = YES;
				CLANG_WARN_BLOCK_CAPTURE_AUTORELEASING = YES;
				CLANG_WARN_BOOL_CONVERSION = YES;
				CLANG_WARN_COMMA = YES;
				CLANG_WARN_CONSTANT_CONVERSION = YES;
				CLANG_WARN_DEPRECATED_OBJC_IMPLEMENTATIONS = YES;
				CLANG_WARN_DIRECT_OBJC_ISA_USAGE = YES_ERROR;
				CLANG_WARN_DOCUMENTATION_COMMENTS = YES;
				CLANG_WARN_EMPTY_BODY = YES;
				CLANG_WARN_ENUM_CONVERSION = YES;
				CLANG_WARN_INFINITE_RECURSION = YES;
				CLANG_WARN_INT_CONVERSION = YES;
				CLANG_WARN_NON_LITERAL_NULL_CONVERSION = YES;
				CLANG_WARN_OBJC_IMPLICIT_RETAIN_SELF = YES;
				CLANG_WARN_OBJC_LITERAL_CONVERSION = YES;
				CLANG_WARN_OBJC_ROOT_CLASS = YES_ERROR;
				CLANG_WARN_QUOTED_INCLUDE_IN_FRAMEWORK_HEADER = YES;
				CLANG_WARN_RANGE_LOOP_ANALYSIS = YES;
				CLANG_WARN_STRICT_PROTOTYPES = YES;
				CLANG_WARN_SUSPICIOUS_MOVE = YES;
				CLANG_WARN_UNGUARDED_AVAILABILITY = YES_AGGRESSIVE;
				CLANG_WARN_UNREACHABLE_CODE = YES;
				CLANG_WARN__DUPLICATE_METHOD_MATCH = YES;
				COPY_PHASE_STRIP = NO;
				DEBUG_INFORMATION_FORMAT = "dwarf-with-dsym";
				ENABLE_NS_ASSERTIONS = NO;
				ENABLE_STRICT_OBJC_MSGSEND = YES;
				GCC_C_LANGUAGE_STANDARD = gnu11;
				GCC_NO_COMMON_BLOCKS = YES;
				GCC_WARN_64_TO_32_BIT_CONVERSION = YES;
				GCC_WARN_ABOUT_RETURN_TYPE = YES_ERROR;
				GCC_WARN_UNDECLARED_SELECTOR = YES;
				GCC_WARN_UNINITIALIZED_AUTOS = YES_AGGRESSIVE;
				GCC_WARN_UNUSED_FUNCTION = YES;
				GCC_WARN_UNUSED_VARIABLE = YES;
				IPHONEOS_DEPLOYMENT_TARGET = 15.5;
				MTL_ENABLE_DEBUG_INFO = NO;
				MTL_FAST_MATH = YES;
				SDKROOT = iphoneos;
				SWIFT_COMPILATION_MODE = wholemodule;
				SWIFT_OPTIMIZATION_LEVEL = "-O";
				VALIDATE_PRODUCT = YES;
				VALIDATE_WORKSPACE_SKIPPED_SDK_FRAMEWORKS = "";
			};
			name = DevelopmentRelease;
		};
		FA96B596287306990025B979 /* DevelopmentRelease */ = {
			isa = XCBuildConfiguration;
			baseConfigurationReference = FA96B58F287301920025B979 /* Development.xcconfig */;
			buildSettings = {
				ASSETCATALOG_COMPILER_APPICON_NAME = AppIcon;
				ASSETCATALOG_COMPILER_GLOBAL_ACCENT_COLOR_NAME = AccentColor;
				CODE_SIGN_ENTITLEMENTS = FindMyOffice/FindMyOffice.entitlements;
				CODE_SIGN_IDENTITY = "iPhone Developer";
				CODE_SIGN_STYLE = Manual;
				CURRENT_PROJECT_VERSION = 1;
				DEVELOPMENT_TEAM = TBXF7RJBHZ;
				GENERATE_INFOPLIST_FILE = YES;
				INFOPLIST_FILE = FindMyOffice/Info.plist;
				INFOPLIST_KEY_UIApplicationSupportsIndirectInputEvents = YES;
				INFOPLIST_KEY_UILaunchStoryboardName = LaunchScreen;
				INFOPLIST_KEY_UIMainStoryboardFile = Main;
				INFOPLIST_KEY_UISupportedInterfaceOrientations = UIInterfaceOrientationPortrait;
				INFOPLIST_KEY_UISupportedInterfaceOrientations_iPad = "UIInterfaceOrientationPortrait UIInterfaceOrientationPortraitUpsideDown UIInterfaceOrientationLandscapeLeft UIInterfaceOrientationLandscapeRight";
				INFOPLIST_KEY_UISupportedInterfaceOrientations_iPhone = "UIInterfaceOrientationPortrait UIInterfaceOrientationLandscapeLeft UIInterfaceOrientationLandscapeRight";
				LD_RUNPATH_SEARCH_PATHS = (
					"$(inherited)",
					"@executable_path/Frameworks",
				);
				MARKETING_VERSION = 1.0;
				PRODUCT_BUNDLE_IDENTIFIER = com.mobven.emincan.FindMyOffice.dev;
				PRODUCT_NAME = "$(APP_NAME)";
				PROVISIONING_PROFILE_SPECIFIER = "com.mobven.emincan.FindMyOffice.dev pp";
				SWIFT_EMIT_LOC_STRINGS = YES;
				SWIFT_VERSION = 5.0;
				TARGETED_DEVICE_FAMILY = "1,2";
			};
			name = DevelopmentRelease;
		};
		FA96B597287306990025B979 /* DevelopmentRelease */ = {
			isa = XCBuildConfiguration;
			baseConfigurationReference = FA96B58F287301920025B979 /* Development.xcconfig */;
			buildSettings = {
				ALWAYS_EMBED_SWIFT_STANDARD_LIBRARIES = YES;
				BUNDLE_LOADER = "$(TEST_HOST)";
				CODE_SIGN_STYLE = Automatic;
				CURRENT_PROJECT_VERSION = 1;
				DEVELOPMENT_TEAM = 2MZZ36MSKF;
				GENERATE_INFOPLIST_FILE = YES;
				IPHONEOS_DEPLOYMENT_TARGET = 15.5;
				MARKETING_VERSION = 1.0;
				PRODUCT_BUNDLE_IDENTIFIER = antalyalie.FindMyOfficeTests;
				PRODUCT_NAME = "$(TARGET_NAME)";
				SWIFT_EMIT_LOC_STRINGS = NO;
				SWIFT_VERSION = 5.0;
				TARGETED_DEVICE_FAMILY = "1,2";
				TEST_HOST = "$(BUILT_PRODUCTS_DIR)/FindMyOffice.app/FindMyOffice";
			};
			name = DevelopmentRelease;
		};
		FA96B598287306990025B979 /* DevelopmentRelease */ = {
			isa = XCBuildConfiguration;
			baseConfigurationReference = FA96B58F287301920025B979 /* Development.xcconfig */;
			buildSettings = {
				ALWAYS_EMBED_SWIFT_STANDARD_LIBRARIES = YES;
				CODE_SIGN_STYLE = Automatic;
				CURRENT_PROJECT_VERSION = 1;
				DEVELOPMENT_TEAM = 2MZZ36MSKF;
				GENERATE_INFOPLIST_FILE = YES;
				MARKETING_VERSION = 1.0;
				PRODUCT_BUNDLE_IDENTIFIER = antalyalie.FindMyOfficeUITests;
				PRODUCT_NAME = "$(TARGET_NAME)";
				SWIFT_EMIT_LOC_STRINGS = NO;
				SWIFT_VERSION = 5.0;
				TARGETED_DEVICE_FAMILY = "1,2";
				TEST_TARGET_NAME = FindMyOffice;
			};
			name = DevelopmentRelease;
		};
/* End XCBuildConfiguration section */

/* Begin XCConfigurationList section */
		FA96B5562872FAB90025B979 /* Build configuration list for PBXProject "FindMyOffice" */ = {
			isa = XCConfigurationList;
			buildConfigurations = (
				FA96B5832872FABC0025B979 /* ProductionDebug */,
				FA96B591287306830025B979 /* DevelopmentDebug */,
				FA96B5842872FABC0025B979 /* ProductionRelease */,
				FA96B595287306990025B979 /* DevelopmentRelease */,
			);
			defaultConfigurationIsVisible = 0;
			defaultConfigurationName = ProductionRelease;
		};
		FA96B5852872FABC0025B979 /* Build configuration list for PBXNativeTarget "FindMyOffice" */ = {
			isa = XCConfigurationList;
			buildConfigurations = (
				FA96B5862872FABC0025B979 /* ProductionDebug */,
				FA96B592287306830025B979 /* DevelopmentDebug */,
				FA96B5872872FABC0025B979 /* ProductionRelease */,
				FA96B596287306990025B979 /* DevelopmentRelease */,
			);
			defaultConfigurationIsVisible = 0;
			defaultConfigurationName = ProductionRelease;
		};
		FA96B5882872FABC0025B979 /* Build configuration list for PBXNativeTarget "FindMyOfficeTests" */ = {
			isa = XCConfigurationList;
			buildConfigurations = (
				FA96B5892872FABC0025B979 /* ProductionDebug */,
				FA96B593287306830025B979 /* DevelopmentDebug */,
				FA96B58A2872FABC0025B979 /* ProductionRelease */,
				FA96B597287306990025B979 /* DevelopmentRelease */,
			);
			defaultConfigurationIsVisible = 0;
			defaultConfigurationName = ProductionRelease;
		};
		FA96B58B2872FABC0025B979 /* Build configuration list for PBXNativeTarget "FindMyOfficeUITests" */ = {
			isa = XCConfigurationList;
			buildConfigurations = (
				FA96B58C2872FABC0025B979 /* ProductionDebug */,
				FA96B594287306830025B979 /* DevelopmentDebug */,
				FA96B58D2872FABC0025B979 /* ProductionRelease */,
				FA96B598287306990025B979 /* DevelopmentRelease */,
			);
			defaultConfigurationIsVisible = 0;
			defaultConfigurationName = ProductionRelease;
		};
/* End XCConfigurationList section */

/* Begin XCRemoteSwiftPackageReference section */
		FA62C73F289E737800794892 /* XCRemoteSwiftPackageReference "SDWebImage" */ = {
			isa = XCRemoteSwiftPackageReference;
			repositoryURL = "https://github.com/SDWebImage/SDWebImage.git";
			requirement = {
				branch = master;
				kind = branch;
			};
		};
/* End XCRemoteSwiftPackageReference section */

/* Begin XCSwiftPackageProductDependency section */
		FA62C740289E737800794892 /* SDWebImage */ = {
			isa = XCSwiftPackageProductDependency;
			package = FA62C73F289E737800794892 /* XCRemoteSwiftPackageReference "SDWebImage" */;
			productName = SDWebImage;
		};
		FA62C742289E737800794892 /* SDWebImageMapKit */ = {
			isa = XCSwiftPackageProductDependency;
			package = FA62C73F289E737800794892 /* XCRemoteSwiftPackageReference "SDWebImage" */;
			productName = SDWebImageMapKit;
		};
/* End XCSwiftPackageProductDependency section */

/* Begin XCVersionGroup section */
		FAC2F1BD28AA22CC00C18D64 /* FindMyOffice.xcdatamodeld */ = {
			isa = XCVersionGroup;
			children = (
				FAC2F1BE28AA22CC00C18D64 /* FindMyOffice.xcdatamodel */,
			);
			currentVersion = FAC2F1BE28AA22CC00C18D64 /* FindMyOffice.xcdatamodel */;
			path = FindMyOffice.xcdatamodeld;
			sourceTree = "<group>";
			versionGroupType = wrapper.xcdatamodel;
		};
/* End XCVersionGroup section */
	};
	rootObject = FA96B5532872FAB90025B979 /* Project object */;
}
